// !$*UTF8*$!
{
	archiveVersion = 1;
	classes = {
	};
	objectVersion = 48;
	objects = {

/* Begin PBXBuildFile section */
		3208D6DADA836131D54D4B49 /* Pods_Past.framework in Frameworks */ = {isa = PBXBuildFile; fileRef = 89A9C4B270563D442B064B84 /* Pods_Past.framework */; };
		370B6FE2207494B4007873A9 /* PLoadMoreView.swift in Sources */ = {isa = PBXBuildFile; fileRef = 370B6FE1207494B4007873A9 /* PLoadMoreView.swift */; };
		370B6FE62074B7AC007873A9 /* PSquareViewController.swift in Sources */ = {isa = PBXBuildFile; fileRef = 370B6FE52074B7AC007873A9 /* PSquareViewController.swift */; };
		370B6FE82074B837007873A9 /* PProfileEditViewController.swift in Sources */ = {isa = PBXBuildFile; fileRef = 370B6FE72074B837007873A9 /* PProfileEditViewController.swift */; };
		370B6FEA2074B847007873A9 /* PProfileViewController.swift in Sources */ = {isa = PBXBuildFile; fileRef = 370B6FE92074B847007873A9 /* PProfileViewController.swift */; };
		370CAC2F207F38B90048F416 /* PMail.swift in Sources */ = {isa = PBXBuildFile; fileRef = 370CAC2E207F38B90048F416 /* PMail.swift */; };
		370CAC31208037ED0048F416 /* PMainViewController.swift in Sources */ = {isa = PBXBuildFile; fileRef = 370CAC30208037ED0048F416 /* PMainViewController.swift */; };
		370CAC36208039F30048F416 /* PFriendsViewController.swift in Sources */ = {isa = PBXBuildFile; fileRef = 370CAC35208039F30048F416 /* PFriendsViewController.swift */; };
		370CAC3B20803DFA0048F416 /* PMineViewController.swift in Sources */ = {isa = PBXBuildFile; fileRef = 370CAC3A20803DFA0048F416 /* PMineViewController.swift */; };
		370CAC3D208050800048F416 /* PMailsViewController.swift in Sources */ = {isa = PBXBuildFile; fileRef = 370CAC3C208050800048F416 /* PMailsViewController.swift */; };
		370CAC41208251000048F416 /* UIAlertControllerExtension.swift in Sources */ = {isa = PBXBuildFile; fileRef = 370CAC40208251000048F416 /* UIAlertControllerExtension.swift */; };
		3717C92020720ACA004551DC /* PRefreshTableViewController.swift in Sources */ = {isa = PBXBuildFile; fileRef = 3717C91F20720ACA004551DC /* PRefreshTableViewController.swift */; };
		3717C92220720DB8004551DC /* PDataModel.swift in Sources */ = {isa = PBXBuildFile; fileRef = 3717C92120720DB8004551DC /* PDataModel.swift */; };
		3717C924207270A0004551DC /* PUser.swift in Sources */ = {isa = PBXBuildFile; fileRef = 3717C923207270A0004551DC /* PUser.swift */; };
		3725F19A207B7F5B006DF51C /* PMailViewController.swift in Sources */ = {isa = PBXBuildFile; fileRef = 3725F199207B7F5B006DF51C /* PMailViewController.swift */; };
		3725F19F207C9021006DF51C /* PStamp.swift in Sources */ = {isa = PBXBuildFile; fileRef = 3725F19E207C9021006DF51C /* PStamp.swift */; };
		3725F1A1207C9051006DF51C /* PSession.swift in Sources */ = {isa = PBXBuildFile; fileRef = 3725F1A0207C9051006DF51C /* PSession.swift */; };
		3725F1A4207CA1FF006DF51C /* mail_envelope_passed@2x.png in Resources */ = {isa = PBXBuildFile; fileRef = 3725F1A2207CA1FF006DF51C /* mail_envelope_passed@2x.png */; };
		3725F1A5207CA1FF006DF51C /* mail_envelope_passed@3x.png in Resources */ = {isa = PBXBuildFile; fileRef = 3725F1A3207CA1FF006DF51C /* mail_envelope_passed@3x.png */; };
		3725F1A7207CD132006DF51C /* PStampsView.swift in Sources */ = {isa = PBXBuildFile; fileRef = 3725F1A6207CD132006DF51C /* PStampsView.swift */; };
		3735B4BA2079BBB8007EDDF3 /* PSquareTableViewCell.swift in Sources */ = {isa = PBXBuildFile; fileRef = 3735B4B92079BBB8007EDDF3 /* PSquareTableViewCell.swift */; };
		3735B4BF2079FB0F007EDDF3 /* xingkai.ttc in Resources */ = {isa = PBXBuildFile; fileRef = 3735B4BE2079FB0E007EDDF3 /* xingkai.ttc */; };
		3735B4C1207A0813007EDDF3 /* UIBarButtonItemExtension.swift in Sources */ = {isa = PBXBuildFile; fileRef = 3735B4C0207A0813007EDDF3 /* UIBarButtonItemExtension.swift */; };
		374241F2206407670074FDE2 /* NSStringExtension.swift in Sources */ = {isa = PBXBuildFile; fileRef = 374241F1206407670074FDE2 /* NSStringExtension.swift */; };
		37725FE52071D10200A2FADC /* PNavigationController.swift in Sources */ = {isa = PBXBuildFile; fileRef = 37725FE42071D10200A2FADC /* PNavigationController.swift */; };
		37727AB320639E840097C599 /* AppDelegate.swift in Sources */ = {isa = PBXBuildFile; fileRef = 37727AB220639E840097C599 /* AppDelegate.swift */; };
		37727ABA20639E840097C599 /* Assets.xcassets in Resources */ = {isa = PBXBuildFile; fileRef = 37727AB920639E840097C599 /* Assets.xcassets */; };
		37727ACD2063A04A0097C599 /* PConstants.swift in Sources */ = {isa = PBXBuildFile; fileRef = 37727ACC2063A04A0097C599 /* PConstants.swift */; };
		37727ACF2063A0CF0097C599 /* PBaseViewController.swift in Sources */ = {isa = PBXBuildFile; fileRef = 37727ACE2063A0CF0097C599 /* PBaseViewController.swift */; };
		37727AD62063A4660097C599 /* PLoginViewController.swift in Sources */ = {isa = PBXBuildFile; fileRef = 37727AD52063A4660097C599 /* PLoginViewController.swift */; };
		37727AD82063A4980097C599 /* PUserSession.swift in Sources */ = {isa = PBXBuildFile; fileRef = 37727AD72063A4980097C599 /* PUserSession.swift */; };
		37727ADA2063A6050097C599 /* UIViewExtention.swift in Sources */ = {isa = PBXBuildFile; fileRef = 37727AD92063A6050097C599 /* UIViewExtention.swift */; };
		37727ADC2063A9730097C599 /* UIColorExtension.swift in Sources */ = {isa = PBXBuildFile; fileRef = 37727ADB2063A9730097C599 /* UIColorExtension.swift */; };
		37727ADE2063B2C20097C599 /* PTextField.swift in Sources */ = {isa = PBXBuildFile; fileRef = 37727ADD2063B2C20097C599 /* PTextField.swift */; };
		379297632068BFA80072FBE7 /* Hud.swift in Sources */ = {isa = PBXBuildFile; fileRef = 379297622068BFA80072FBE7 /* Hud.swift */; };
		379F3DB8206D31A400668839 /* Entity.swift in Sources */ = {isa = PBXBuildFile; fileRef = 379F3DB7206D31A400668839 /* Entity.swift */; };
		37A56827206B31D3009F5B63 /* PCacheManager.swift in Sources */ = {isa = PBXBuildFile; fileRef = 37A56826206B31D3009F5B63 /* PCacheManager.swift */; };
		37B261CA2067F43600D0F943 /* PHttpManager.swift in Sources */ = {isa = PBXBuildFile; fileRef = 37B261C92067F43600D0F943 /* PHttpManager.swift */; };
		37B261CC2067F47A00D0F943 /* Util.swift in Sources */ = {isa = PBXBuildFile; fileRef = 37B261CB2067F47A00D0F943 /* Util.swift */; };
		37B261CE2067F5A900D0F943 /* StringExtension.swift in Sources */ = {isa = PBXBuildFile; fileRef = 37B261CD2067F5A900D0F943 /* StringExtension.swift */; };
		37E082E0207B488200BC51EC /* mail_envelope_top@2x.png in Resources */ = {isa = PBXBuildFile; fileRef = 37E082DA207B488200BC51EC /* mail_envelope_top@2x.png */; };
		37E082E1207B488200BC51EC /* mail_envelope_stampZone@3x.png in Resources */ = {isa = PBXBuildFile; fileRef = 37E082DB207B488200BC51EC /* mail_envelope_stampZone@3x.png */; };
		37E082E2207B488200BC51EC /* mail_envelope_bottom@2x.png in Resources */ = {isa = PBXBuildFile; fileRef = 37E082DC207B488200BC51EC /* mail_envelope_bottom@2x.png */; };
		37E082E3207B488200BC51EC /* mail_envelope_bottom@3x.png in Resources */ = {isa = PBXBuildFile; fileRef = 37E082DD207B488200BC51EC /* mail_envelope_bottom@3x.png */; };
		37E082E4207B488200BC51EC /* mail_envelope_top@3x.png in Resources */ = {isa = PBXBuildFile; fileRef = 37E082DE207B488200BC51EC /* mail_envelope_top@3x.png */; };
		37E082E5207B488200BC51EC /* mail_envelope_stampZone@2x.png in Resources */ = {isa = PBXBuildFile; fileRef = 37E082DF207B488200BC51EC /* mail_envelope_stampZone@2x.png */; };
		37FE8A27207734BC00748284 /* PPlaceholderTextView.swift in Sources */ = {isa = PBXBuildFile; fileRef = 37FE8A26207734BC00748284 /* PPlaceholderTextView.swift */; };
		37FE8A2C2077A13500748284 /* PTextFieldController.swift in Sources */ = {isa = PBXBuildFile; fileRef = 37FE8A2B2077A13500748284 /* PTextFieldController.swift */; };
		37FE8A2E2077A14600748284 /* PTextViewController.swift in Sources */ = {isa = PBXBuildFile; fileRef = 37FE8A2D2077A14600748284 /* PTextViewController.swift */; };
		37FE8A302077A90A00748284 /* PTableViewCell.swift in Sources */ = {isa = PBXBuildFile; fileRef = 37FE8A2F2077A90A00748284 /* PTableViewCell.swift */; };
/* End PBXBuildFile section */

/* Begin PBXFileReference section */
		370B6FE1207494B4007873A9 /* PLoadMoreView.swift */ = {isa = PBXFileReference; lastKnownFileType = sourcecode.swift; path = PLoadMoreView.swift; sourceTree = "<group>"; };
		370B6FE52074B7AC007873A9 /* PSquareViewController.swift */ = {isa = PBXFileReference; fileEncoding = 4; lastKnownFileType = sourcecode.swift; path = PSquareViewController.swift; sourceTree = "<group>"; };
		370B6FE72074B837007873A9 /* PProfileEditViewController.swift */ = {isa = PBXFileReference; lastKnownFileType = sourcecode.swift; path = PProfileEditViewController.swift; sourceTree = "<group>"; };
		370B6FE92074B847007873A9 /* PProfileViewController.swift */ = {isa = PBXFileReference; lastKnownFileType = sourcecode.swift; path = PProfileViewController.swift; sourceTree = "<group>"; };
		370CAC2E207F38B90048F416 /* PMail.swift */ = {isa = PBXFileReference; lastKnownFileType = sourcecode.swift; path = PMail.swift; sourceTree = "<group>"; };
		370CAC30208037ED0048F416 /* PMainViewController.swift */ = {isa = PBXFileReference; lastKnownFileType = sourcecode.swift; path = PMainViewController.swift; sourceTree = "<group>"; };
		370CAC35208039F30048F416 /* PFriendsViewController.swift */ = {isa = PBXFileReference; lastKnownFileType = sourcecode.swift; path = PFriendsViewController.swift; sourceTree = "<group>"; };
		370CAC3A20803DFA0048F416 /* PMineViewController.swift */ = {isa = PBXFileReference; lastKnownFileType = sourcecode.swift; path = PMineViewController.swift; sourceTree = "<group>"; };
		370CAC3C208050800048F416 /* PMailsViewController.swift */ = {isa = PBXFileReference; lastKnownFileType = sourcecode.swift; path = PMailsViewController.swift; sourceTree = "<group>"; };
		370CAC40208251000048F416 /* UIAlertControllerExtension.swift */ = {isa = PBXFileReference; lastKnownFileType = sourcecode.swift; path = UIAlertControllerExtension.swift; sourceTree = "<group>"; };
		3717C91F20720ACA004551DC /* PRefreshTableViewController.swift */ = {isa = PBXFileReference; lastKnownFileType = sourcecode.swift; path = PRefreshTableViewController.swift; sourceTree = "<group>"; };
		3717C92120720DB8004551DC /* PDataModel.swift */ = {isa = PBXFileReference; lastKnownFileType = sourcecode.swift; path = PDataModel.swift; sourceTree = "<group>"; };
		3717C923207270A0004551DC /* PUser.swift */ = {isa = PBXFileReference; lastKnownFileType = sourcecode.swift; path = PUser.swift; sourceTree = "<group>"; };
		3725F199207B7F5B006DF51C /* PMailViewController.swift */ = {isa = PBXFileReference; fileEncoding = 4; lastKnownFileType = sourcecode.swift; path = PMailViewController.swift; sourceTree = "<group>"; };
		3725F19E207C9021006DF51C /* PStamp.swift */ = {isa = PBXFileReference; lastKnownFileType = sourcecode.swift; path = PStamp.swift; sourceTree = "<group>"; };
		3725F1A0207C9051006DF51C /* PSession.swift */ = {isa = PBXFileReference; fileEncoding = 4; lastKnownFileType = sourcecode.swift; path = PSession.swift; sourceTree = "<group>"; };
		3725F1A2207CA1FF006DF51C /* mail_envelope_passed@2x.png */ = {isa = PBXFileReference; lastKnownFileType = image.png; path = "mail_envelope_passed@2x.png"; sourceTree = "<group>"; };
		3725F1A3207CA1FF006DF51C /* mail_envelope_passed@3x.png */ = {isa = PBXFileReference; lastKnownFileType = image.png; path = "mail_envelope_passed@3x.png"; sourceTree = "<group>"; };
		3725F1A6207CD132006DF51C /* PStampsView.swift */ = {isa = PBXFileReference; lastKnownFileType = sourcecode.swift; path = PStampsView.swift; sourceTree = "<group>"; };
		3735B4B92079BBB8007EDDF3 /* PSquareTableViewCell.swift */ = {isa = PBXFileReference; lastKnownFileType = sourcecode.swift; path = PSquareTableViewCell.swift; sourceTree = "<group>"; };
		3735B4BE2079FB0E007EDDF3 /* xingkai.ttc */ = {isa = PBXFileReference; lastKnownFileType = file; path = xingkai.ttc; sourceTree = "<group>"; };
		3735B4C0207A0813007EDDF3 /* UIBarButtonItemExtension.swift */ = {isa = PBXFileReference; lastKnownFileType = sourcecode.swift; path = UIBarButtonItemExtension.swift; sourceTree = "<group>"; };
		374241F1206407670074FDE2 /* NSStringExtension.swift */ = {isa = PBXFileReference; lastKnownFileType = sourcecode.swift; path = NSStringExtension.swift; sourceTree = "<group>"; };
		37725FE42071D10200A2FADC /* PNavigationController.swift */ = {isa = PBXFileReference; lastKnownFileType = sourcecode.swift; path = PNavigationController.swift; sourceTree = "<group>"; };
		37727AAF20639E840097C599 /* Past.app */ = {isa = PBXFileReference; explicitFileType = wrapper.application; includeInIndex = 0; path = Past.app; sourceTree = BUILT_PRODUCTS_DIR; };
		37727AB220639E840097C599 /* AppDelegate.swift */ = {isa = PBXFileReference; lastKnownFileType = sourcecode.swift; path = AppDelegate.swift; sourceTree = "<group>"; };
		37727AB920639E840097C599 /* Assets.xcassets */ = {isa = PBXFileReference; lastKnownFileType = folder.assetcatalog; path = Assets.xcassets; sourceTree = "<group>"; };
		37727ABE20639E840097C599 /* Info.plist */ = {isa = PBXFileReference; lastKnownFileType = text.plist.xml; path = Info.plist; sourceTree = "<group>"; };
		37727ACC2063A04A0097C599 /* PConstants.swift */ = {isa = PBXFileReference; lastKnownFileType = sourcecode.swift; path = PConstants.swift; sourceTree = "<group>"; };
		37727ACE2063A0CF0097C599 /* PBaseViewController.swift */ = {isa = PBXFileReference; lastKnownFileType = sourcecode.swift; path = PBaseViewController.swift; sourceTree = "<group>"; };
		37727AD52063A4660097C599 /* PLoginViewController.swift */ = {isa = PBXFileReference; fileEncoding = 4; lastKnownFileType = sourcecode.swift; path = PLoginViewController.swift; sourceTree = "<group>"; };
		37727AD72063A4980097C599 /* PUserSession.swift */ = {isa = PBXFileReference; lastKnownFileType = sourcecode.swift; path = PUserSession.swift; sourceTree = "<group>"; };
		37727AD92063A6050097C599 /* UIViewExtention.swift */ = {isa = PBXFileReference; fileEncoding = 4; lastKnownFileType = sourcecode.swift; path = UIViewExtention.swift; sourceTree = "<group>"; };
		37727ADB2063A9730097C599 /* UIColorExtension.swift */ = {isa = PBXFileReference; lastKnownFileType = sourcecode.swift; path = UIColorExtension.swift; sourceTree = "<group>"; };
		37727ADD2063B2C20097C599 /* PTextField.swift */ = {isa = PBXFileReference; lastKnownFileType = sourcecode.swift; path = PTextField.swift; sourceTree = "<group>"; };
		379297622068BFA80072FBE7 /* Hud.swift */ = {isa = PBXFileReference; lastKnownFileType = sourcecode.swift; path = Hud.swift; sourceTree = "<group>"; };
		379F3DB7206D31A400668839 /* Entity.swift */ = {isa = PBXFileReference; lastKnownFileType = sourcecode.swift; path = Entity.swift; sourceTree = "<group>"; };
		37A56826206B31D3009F5B63 /* PCacheManager.swift */ = {isa = PBXFileReference; lastKnownFileType = sourcecode.swift; path = PCacheManager.swift; sourceTree = "<group>"; };
		37B261C92067F43600D0F943 /* PHttpManager.swift */ = {isa = PBXFileReference; lastKnownFileType = sourcecode.swift; path = PHttpManager.swift; sourceTree = "<group>"; };
		37B261CB2067F47A00D0F943 /* Util.swift */ = {isa = PBXFileReference; lastKnownFileType = sourcecode.swift; path = Util.swift; sourceTree = "<group>"; };
		37B261CD2067F5A900D0F943 /* StringExtension.swift */ = {isa = PBXFileReference; lastKnownFileType = sourcecode.swift; path = StringExtension.swift; sourceTree = "<group>"; };
		37E082DA207B488200BC51EC /* mail_envelope_top@2x.png */ = {isa = PBXFileReference; lastKnownFileType = image.png; path = "mail_envelope_top@2x.png"; sourceTree = "<group>"; };
		37E082DB207B488200BC51EC /* mail_envelope_stampZone@3x.png */ = {isa = PBXFileReference; lastKnownFileType = image.png; path = "mail_envelope_stampZone@3x.png"; sourceTree = "<group>"; };
		37E082DC207B488200BC51EC /* mail_envelope_bottom@2x.png */ = {isa = PBXFileReference; lastKnownFileType = image.png; path = "mail_envelope_bottom@2x.png"; sourceTree = "<group>"; };
		37E082DD207B488200BC51EC /* mail_envelope_bottom@3x.png */ = {isa = PBXFileReference; lastKnownFileType = image.png; path = "mail_envelope_bottom@3x.png"; sourceTree = "<group>"; };
		37E082DE207B488200BC51EC /* mail_envelope_top@3x.png */ = {isa = PBXFileReference; lastKnownFileType = image.png; path = "mail_envelope_top@3x.png"; sourceTree = "<group>"; };
		37E082DF207B488200BC51EC /* mail_envelope_stampZone@2x.png */ = {isa = PBXFileReference; lastKnownFileType = image.png; path = "mail_envelope_stampZone@2x.png"; sourceTree = "<group>"; };
		37FE8A26207734BC00748284 /* PPlaceholderTextView.swift */ = {isa = PBXFileReference; lastKnownFileType = sourcecode.swift; path = PPlaceholderTextView.swift; sourceTree = "<group>"; };
		37FE8A2B2077A13500748284 /* PTextFieldController.swift */ = {isa = PBXFileReference; lastKnownFileType = sourcecode.swift; path = PTextFieldController.swift; sourceTree = "<group>"; };
		37FE8A2D2077A14600748284 /* PTextViewController.swift */ = {isa = PBXFileReference; lastKnownFileType = sourcecode.swift; path = PTextViewController.swift; sourceTree = "<group>"; };
		37FE8A2F2077A90A00748284 /* PTableViewCell.swift */ = {isa = PBXFileReference; lastKnownFileType = sourcecode.swift; path = PTableViewCell.swift; sourceTree = "<group>"; };
		44D828AB9ADD7EECA1E3B6F0 /* Pods-Past.debug.xcconfig */ = {isa = PBXFileReference; includeInIndex = 1; lastKnownFileType = text.xcconfig; name = "Pods-Past.debug.xcconfig"; path = "Pods/Target Support Files/Pods-Past/Pods-Past.debug.xcconfig"; sourceTree = "<group>"; };
		89A9C4B270563D442B064B84 /* Pods_Past.framework */ = {isa = PBXFileReference; explicitFileType = wrapper.framework; includeInIndex = 0; path = Pods_Past.framework; sourceTree = BUILT_PRODUCTS_DIR; };
		CF04B4FF1E790812F9880B32 /* Pods-Past.release.xcconfig */ = {isa = PBXFileReference; includeInIndex = 1; lastKnownFileType = text.xcconfig; name = "Pods-Past.release.xcconfig"; path = "Pods/Target Support Files/Pods-Past/Pods-Past.release.xcconfig"; sourceTree = "<group>"; };
/* End PBXFileReference section */

/* Begin PBXFrameworksBuildPhase section */
		37727AAC20639E840097C599 /* Frameworks */ = {
			isa = PBXFrameworksBuildPhase;
			buildActionMask = 2147483647;
			files = (
				3208D6DADA836131D54D4B49 /* Pods_Past.framework in Frameworks */,
			);
			runOnlyForDeploymentPostprocessing = 0;
		};
/* End PBXFrameworksBuildPhase section */

/* Begin PBXGroup section */
		370B6FE32074B7AC007873A9 /* Views */ = {
			isa = PBXGroup;
			children = (
				3735B4B92079BBB8007EDDF3 /* PSquareTableViewCell.swift */,
			);
			path = Views;
			sourceTree = "<group>";
		};
		370B6FE42074B7AC007873A9 /* Controllers */ = {
			isa = PBXGroup;
			children = (
				370B6FE52074B7AC007873A9 /* PSquareViewController.swift */,
			);
			path = Controllers;
			sourceTree = "<group>";
		};
		370CAC322080398E0048F416 /* Friends */ = {
			isa = PBXGroup;
			children = (
				370CAC33208039D50048F416 /* Controllers */,
				370CAC34208039D50048F416 /* Views */,
			);
			path = Friends;
			sourceTree = "<group>";
		};
		370CAC33208039D50048F416 /* Controllers */ = {
			isa = PBXGroup;
			children = (
				370CAC35208039F30048F416 /* PFriendsViewController.swift */,
			);
			path = Controllers;
			sourceTree = "<group>";
		};
		370CAC34208039D50048F416 /* Views */ = {
			isa = PBXGroup;
			children = (
			);
			path = Views;
			sourceTree = "<group>";
		};
		370CAC3720803D730048F416 /* Mine */ = {
			isa = PBXGroup;
			children = (
				370CAC3920803DDC0048F416 /* Controllers */,
				370CAC3820803DDC0048F416 /* Views */,
			);
			path = Mine;
			sourceTree = "<group>";
		};
		370CAC3820803DDC0048F416 /* Views */ = {
			isa = PBXGroup;
			children = (
			);
			path = Views;
			sourceTree = "<group>";
		};
		370CAC3920803DDC0048F416 /* Controllers */ = {
			isa = PBXGroup;
			children = (
				370CAC3A20803DFA0048F416 /* PMineViewController.swift */,
			);
			path = Controllers;
			sourceTree = "<group>";
		};
		3725F197207B7F5B006DF51C /* Views */ = {
			isa = PBXGroup;
			children = (
				3725F1A6207CD132006DF51C /* PStampsView.swift */,
			);
			path = Views;
			sourceTree = "<group>";
		};
		3725F198207B7F5B006DF51C /* Controllers */ = {
			isa = PBXGroup;
			children = (
				3725F199207B7F5B006DF51C /* PMailViewController.swift */,
				370CAC3C208050800048F416 /* PMailsViewController.swift */,
			);
			path = Controllers;
			sourceTree = "<group>";
		};
		3725F19D207C9007006DF51C /* Entities */ = {
			isa = PBXGroup;
			children = (
				3725F19E207C9021006DF51C /* PStamp.swift */,
				370CAC2E207F38B90048F416 /* PMail.swift */,
			);
			path = Entities;
			sourceTree = "<group>";
		};
		3735B4BB2079E61B007EDDF3 /* Mail */ = {
			isa = PBXGroup;
			children = (
				3725F19D207C9007006DF51C /* Entities */,
				3725F198207B7F5B006DF51C /* Controllers */,
				3725F197207B7F5B006DF51C /* Views */,
			);
			path = Mail;
			sourceTree = "<group>";
		};
		374F778B206CD4E0000356EE /* Entities */ = {
			isa = PBXGroup;
			children = (
				379F3DB7206D31A400668839 /* Entity.swift */,
			);
			path = Entities;
			sourceTree = "<group>";
		};
		37727AA620639E840097C599 = {
			isa = PBXGroup;
			children = (
				37727AB120639E840097C599 /* Past */,
				37727AB020639E840097C599 /* Products */,
				4829B0E1BFA4CBA182A74D44 /* Pods */,
				B45C89900038A3D9C0FF61A5 /* Frameworks */,
			);
			sourceTree = "<group>";
		};
		37727AB020639E840097C599 /* Products */ = {
			isa = PBXGroup;
			children = (
				37727AAF20639E840097C599 /* Past.app */,
			);
			name = Products;
			sourceTree = "<group>";
		};
		37727AB120639E840097C599 /* Past */ = {
			isa = PBXGroup;
			children = (
				37727AB220639E840097C599 /* AppDelegate.swift */,
				37727AC520639FA30097C599 /* Classes */,
				37727ACB20639FA30097C599 /* Resources */,
				37727AC420639EB20097C599 /* Supporting Files */,
			);
			path = Past;
			sourceTree = "<group>";
		};
		37727AC420639EB20097C599 /* Supporting Files */ = {
			isa = PBXGroup;
			children = (
				37727AB920639E840097C599 /* Assets.xcassets */,
				37727ABE20639E840097C599 /* Info.plist */,
			);
			path = "Supporting Files";
			sourceTree = "<group>";
		};
		37727AC520639FA30097C599 /* Classes */ = {
			isa = PBXGroup;
			children = (
				37727AC620639FA30097C599 /* Util */,
				37727AC720639FA30097C599 /* Base */,
				37727AC820639FA30097C599 /* Managers */,
				37727AD02063A0F10097C599 /* Account */,
				37727AD12063A0F10097C599 /* Square */,
				370CAC322080398E0048F416 /* Friends */,
				370CAC3720803D730048F416 /* Mine */,
				3735B4BB2079E61B007EDDF3 /* Mail */,
			);
			path = Classes;
			sourceTree = "<group>";
		};
		37727AC620639FA30097C599 /* Util */ = {
			isa = PBXGroup;
			children = (
				37727ACC2063A04A0097C599 /* PConstants.swift */,
				37727AD92063A6050097C599 /* UIViewExtention.swift */,
				37B261CD2067F5A900D0F943 /* StringExtension.swift */,
				37727ADB2063A9730097C599 /* UIColorExtension.swift */,
				374241F1206407670074FDE2 /* NSStringExtension.swift */,
				3735B4C0207A0813007EDDF3 /* UIBarButtonItemExtension.swift */,
				370CAC40208251000048F416 /* UIAlertControllerExtension.swift */,
				37B261CB2067F47A00D0F943 /* Util.swift */,
				379297622068BFA80072FBE7 /* Hud.swift */,
			);
			path = Util;
			sourceTree = "<group>";
		};
		37727AC720639FA30097C599 /* Base */ = {
			isa = PBXGroup;
			children = (
				379F3DBC206DC75700668839 /* Models */,
				374F778B206CD4E0000356EE /* Entities */,
				37727AC920639FA30097C599 /* Controllers */,
				37727ACA20639FA30097C599 /* Views */,
			);
			path = Base;
			sourceTree = "<group>";
		};
		37727AC820639FA30097C599 /* Managers */ = {
			isa = PBXGroup;
			children = (
				37727AD72063A4980097C599 /* PUserSession.swift */,
				37B261C92067F43600D0F943 /* PHttpManager.swift */,
				37A56826206B31D3009F5B63 /* PCacheManager.swift */,
			);
			path = Managers;
			sourceTree = "<group>";
		};
		37727AC920639FA30097C599 /* Controllers */ = {
			isa = PBXGroup;
			children = (
				37725FE42071D10200A2FADC /* PNavigationController.swift */,
				37727ACE2063A0CF0097C599 /* PBaseViewController.swift */,
				370CAC30208037ED0048F416 /* PMainViewController.swift */,
				3717C91F20720ACA004551DC /* PRefreshTableViewController.swift */,
				37FE8A2B2077A13500748284 /* PTextFieldController.swift */,
				37FE8A2D2077A14600748284 /* PTextViewController.swift */,
			);
			path = Controllers;
			sourceTree = "<group>";
		};
		37727ACA20639FA30097C599 /* Views */ = {
			isa = PBXGroup;
			children = (
				37727ADD2063B2C20097C599 /* PTextField.swift */,
				370B6FE1207494B4007873A9 /* PLoadMoreView.swift */,
				37FE8A26207734BC00748284 /* PPlaceholderTextView.swift */,
				37FE8A2F2077A90A00748284 /* PTableViewCell.swift */,
			);
			path = Views;
			sourceTree = "<group>";
		};
		37727ACB20639FA30097C599 /* Resources */ = {
			isa = PBXGroup;
			children = (
				37E082D9207B488200BC51EC /* Mail */,
				3735B4BE2079FB0E007EDDF3 /* xingkai.ttc */,
			);
			path = Resources;
			sourceTree = "<group>";
		};
		37727AD02063A0F10097C599 /* Account */ = {
			isa = PBXGroup;
			children = (
				379F3DB9206D358B00668839 /* Entities */,
				37727AD42063A4660097C599 /* Controllers */,
				37FE8A2820779C3D00748284 /* Views */,
			);
			path = Account;
			sourceTree = "<group>";
		};
		37727AD12063A0F10097C599 /* Square */ = {
			isa = PBXGroup;
			children = (
				370B6FE42074B7AC007873A9 /* Controllers */,
				370B6FE32074B7AC007873A9 /* Views */,
			);
			path = Square;
			sourceTree = "<group>";
		};
		37727AD42063A4660097C599 /* Controllers */ = {
			isa = PBXGroup;
			children = (
				37727AD52063A4660097C599 /* PLoginViewController.swift */,
				370B6FE92074B847007873A9 /* PProfileViewController.swift */,
				370B6FE72074B837007873A9 /* PProfileEditViewController.swift */,
			);
			path = Controllers;
			sourceTree = "<group>";
		};
		379F3DB9206D358B00668839 /* Entities */ = {
			isa = PBXGroup;
			children = (
				3725F1A0207C9051006DF51C /* PSession.swift */,
				3717C923207270A0004551DC /* PUser.swift */,
			);
			path = Entities;
			sourceTree = "<group>";
		};
		379F3DBC206DC75700668839 /* Models */ = {
			isa = PBXGroup;
			children = (
				3717C92120720DB8004551DC /* PDataModel.swift */,
			);
			path = Models;
			sourceTree = "<group>";
		};
		37E082D9207B488200BC51EC /* Mail */ = {
			isa = PBXGroup;
			children = (
				37E082DC207B488200BC51EC /* mail_envelope_bottom@2x.png */,
				37E082DD207B488200BC51EC /* mail_envelope_bottom@3x.png */,
				37E082DF207B488200BC51EC /* mail_envelope_stampZone@2x.png */,
				37E082DB207B488200BC51EC /* mail_envelope_stampZone@3x.png */,
				37E082DA207B488200BC51EC /* mail_envelope_top@2x.png */,
				37E082DE207B488200BC51EC /* mail_envelope_top@3x.png */,
				3725F1A2207CA1FF006DF51C /* mail_envelope_passed@2x.png */,
				3725F1A3207CA1FF006DF51C /* mail_envelope_passed@3x.png */,
			);
			path = Mail;
			sourceTree = "<group>";
		};
		37FE8A2820779C3D00748284 /* Views */ = {
			isa = PBXGroup;
			children = (
			);
			path = Views;
			sourceTree = "<group>";
		};
		4829B0E1BFA4CBA182A74D44 /* Pods */ = {
			isa = PBXGroup;
			children = (
				44D828AB9ADD7EECA1E3B6F0 /* Pods-Past.debug.xcconfig */,
				CF04B4FF1E790812F9880B32 /* Pods-Past.release.xcconfig */,
			);
			name = Pods;
			sourceTree = "<group>";
		};
		B45C89900038A3D9C0FF61A5 /* Frameworks */ = {
			isa = PBXGroup;
			children = (
				89A9C4B270563D442B064B84 /* Pods_Past.framework */,
			);
			name = Frameworks;
			sourceTree = "<group>";
		};
/* End PBXGroup section */

/* Begin PBXNativeTarget section */
		37727AAE20639E840097C599 /* Past */ = {
			isa = PBXNativeTarget;
			buildConfigurationList = 37727AC120639E840097C599 /* Build configuration list for PBXNativeTarget "Past" */;
			buildPhases = (
				F6EECAB3E9BCFB24E80F6C5F /* [CP] Check Pods Manifest.lock */,
				37727AAB20639E840097C599 /* Sources */,
				37727AAC20639E840097C599 /* Frameworks */,
				37727AAD20639E840097C599 /* Resources */,
				13507A2FA7DD2610CA3303D3 /* [CP] Embed Pods Frameworks */,
				56F46BCDD7565F7BF365B920 /* [CP] Copy Pods Resources */,
			);
			buildRules = (
			);
			dependencies = (
			);
			name = Past;
			productName = Past;
			productReference = 37727AAF20639E840097C599 /* Past.app */;
			productType = "com.apple.product-type.application";
		};
/* End PBXNativeTarget section */

/* Begin PBXProject section */
		37727AA720639E840097C599 /* Project object */ = {
			isa = PBXProject;
			attributes = {
				CLASSPREFIX = P;
				LastSwiftUpdateCheck = 0920;
				LastUpgradeCheck = 0930;
				ORGANIZATIONNAME = "Jiang Liang";
				TargetAttributes = {
					37727AAE20639E840097C599 = {
						CreatedOnToolsVersion = 9.2;
						ProvisioningStyle = Manual;
					};
				};
			};
			buildConfigurationList = 37727AAA20639E840097C599 /* Build configuration list for PBXProject "Past" */;
			compatibilityVersion = "Xcode 8.0";
			developmentRegion = en;
			hasScannedForEncodings = 0;
			knownRegions = (
				en,
				Base,
			);
			mainGroup = 37727AA620639E840097C599;
			productRefGroup = 37727AB020639E840097C599 /* Products */;
			projectDirPath = "";
			projectRoot = "";
			targets = (
				37727AAE20639E840097C599 /* Past */,
			);
		};
/* End PBXProject section */

/* Begin PBXResourcesBuildPhase section */
		37727AAD20639E840097C599 /* Resources */ = {
			isa = PBXResourcesBuildPhase;
			buildActionMask = 2147483647;
			files = (
				3725F1A4207CA1FF006DF51C /* mail_envelope_passed@2x.png in Resources */,
				37E082E1207B488200BC51EC /* mail_envelope_stampZone@3x.png in Resources */,
				37E082E2207B488200BC51EC /* mail_envelope_bottom@2x.png in Resources */,
				3735B4BF2079FB0F007EDDF3 /* xingkai.ttc in Resources */,
				37E082E5207B488200BC51EC /* mail_envelope_stampZone@2x.png in Resources */,
				37E082E4207B488200BC51EC /* mail_envelope_top@3x.png in Resources */,
				3725F1A5207CA1FF006DF51C /* mail_envelope_passed@3x.png in Resources */,
				37727ABA20639E840097C599 /* Assets.xcassets in Resources */,
				37E082E0207B488200BC51EC /* mail_envelope_top@2x.png in Resources */,
				37E082E3207B488200BC51EC /* mail_envelope_bottom@3x.png in Resources */,
			);
			runOnlyForDeploymentPostprocessing = 0;
		};
/* End PBXResourcesBuildPhase section */

/* Begin PBXShellScriptBuildPhase section */
		13507A2FA7DD2610CA3303D3 /* [CP] Embed Pods Frameworks */ = {
			isa = PBXShellScriptBuildPhase;
			buildActionMask = 2147483647;
			files = (
			);
			inputPaths = (
				"${SRCROOT}/Pods/Target Support Files/Pods-Past/Pods-Past-frameworks.sh",
				"${BUILT_PRODUCTS_DIR}/Alamofire/Alamofire.framework",
				"${BUILT_PRODUCTS_DIR}/Kingfisher/Kingfisher.framework",
				"${BUILT_PRODUCTS_DIR}/SQLite.swift/SQLite.framework",
			);
			name = "[CP] Embed Pods Frameworks";
			outputPaths = (
				"${TARGET_BUILD_DIR}/${FRAMEWORKS_FOLDER_PATH}/Alamofire.framework",
				"${TARGET_BUILD_DIR}/${FRAMEWORKS_FOLDER_PATH}/Kingfisher.framework",
				"${TARGET_BUILD_DIR}/${FRAMEWORKS_FOLDER_PATH}/SQLite.framework",
			);
			runOnlyForDeploymentPostprocessing = 0;
			shellPath = /bin/sh;
			shellScript = "\"${SRCROOT}/Pods/Target Support Files/Pods-Past/Pods-Past-frameworks.sh\"\n";
			showEnvVarsInLog = 0;
		};
		56F46BCDD7565F7BF365B920 /* [CP] Copy Pods Resources */ = {
			isa = PBXShellScriptBuildPhase;
			buildActionMask = 2147483647;
			files = (
			);
			inputPaths = (
			);
			name = "[CP] Copy Pods Resources";
			outputPaths = (
			);
			runOnlyForDeploymentPostprocessing = 0;
			shellPath = /bin/sh;
			shellScript = "\"${SRCROOT}/Pods/Target Support Files/Pods-Past/Pods-Past-resources.sh\"\n";
			showEnvVarsInLog = 0;
		};
		F6EECAB3E9BCFB24E80F6C5F /* [CP] Check Pods Manifest.lock */ = {
			isa = PBXShellScriptBuildPhase;
			buildActionMask = 2147483647;
			files = (
			);
			inputPaths = (
				"${PODS_PODFILE_DIR_PATH}/Podfile.lock",
				"${PODS_ROOT}/Manifest.lock",
			);
			name = "[CP] Check Pods Manifest.lock";
			outputPaths = (
				"$(DERIVED_FILE_DIR)/Pods-Past-checkManifestLockResult.txt",
			);
			runOnlyForDeploymentPostprocessing = 0;
			shellPath = /bin/sh;
			shellScript = "diff \"${PODS_PODFILE_DIR_PATH}/Podfile.lock\" \"${PODS_ROOT}/Manifest.lock\" > /dev/null\nif [ $? != 0 ] ; then\n    # print error to STDERR\n    echo \"error: The sandbox is not in sync with the Podfile.lock. Run 'pod install' or update your CocoaPods installation.\" >&2\n    exit 1\nfi\n# This output is used by Xcode 'outputs' to avoid re-running this script phase.\necho \"SUCCESS\" > \"${SCRIPT_OUTPUT_FILE_0}\"\n";
			showEnvVarsInLog = 0;
		};
/* End PBXShellScriptBuildPhase section */

/* Begin PBXSourcesBuildPhase section */
		37727AAB20639E840097C599 /* Sources */ = {
			isa = PBXSourcesBuildPhase;
			buildActionMask = 2147483647;
			files = (
				3725F1A1207C9051006DF51C /* PSession.swift in Sources */,
				37A56827206B31D3009F5B63 /* PCacheManager.swift in Sources */,
				370CAC41208251000048F416 /* UIAlertControllerExtension.swift in Sources */,
				37B261CC2067F47A00D0F943 /* Util.swift in Sources */,
				37727AD82063A4980097C599 /* PUserSession.swift in Sources */,
				37727ADC2063A9730097C599 /* UIColorExtension.swift in Sources */,
				370CAC3B20803DFA0048F416 /* PMineViewController.swift in Sources */,
				3717C924207270A0004551DC /* PUser.swift in Sources */,
				3725F19A207B7F5B006DF51C /* PMailViewController.swift in Sources */,
				3717C92220720DB8004551DC /* PDataModel.swift in Sources */,
				3725F1A7207CD132006DF51C /* PStampsView.swift in Sources */,
				370CAC3D208050800048F416 /* PMailsViewController.swift in Sources */,
				370CAC2F207F38B90048F416 /* PMail.swift in Sources */,
				37725FE52071D10200A2FADC /* PNavigationController.swift in Sources */,
				37727ACD2063A04A0097C599 /* PConstants.swift in Sources */,
				379F3DB8206D31A400668839 /* Entity.swift in Sources */,
				37FE8A2C2077A13500748284 /* PTextFieldController.swift in Sources */,
				370CAC31208037ED0048F416 /* PMainViewController.swift in Sources */,
				370B6FE62074B7AC007873A9 /* PSquareViewController.swift in Sources */,
				37727AD62063A4660097C599 /* PLoginViewController.swift in Sources */,
				3725F19F207C9021006DF51C /* PStamp.swift in Sources */,
				379297632068BFA80072FBE7 /* Hud.swift in Sources */,
				37FE8A302077A90A00748284 /* PTableViewCell.swift in Sources */,
				3717C92020720ACA004551DC /* PRefreshTableViewController.swift in Sources */,
				37FE8A2E2077A14600748284 /* PTextViewController.swift in Sources */,
				3735B4C1207A0813007EDDF3 /* UIBarButtonItemExtension.swift in Sources */,
				37727ADE2063B2C20097C599 /* PTextField.swift in Sources */,
				37FE8A27207734BC00748284 /* PPlaceholderTextView.swift in Sources */,
				37727ADA2063A6050097C599 /* UIViewExtention.swift in Sources */,
				37B261CA2067F43600D0F943 /* PHttpManager.swift in Sources */,
				370B6FE82074B837007873A9 /* PProfileEditViewController.swift in Sources */,
				37B261CE2067F5A900D0F943 /* StringExtension.swift in Sources */,
				370B6FE2207494B4007873A9 /* PLoadMoreView.swift in Sources */,
				37727AB320639E840097C599 /* AppDelegate.swift in Sources */,
				37727ACF2063A0CF0097C599 /* PBaseViewController.swift in Sources */,
				3735B4BA2079BBB8007EDDF3 /* PSquareTableViewCell.swift in Sources */,
				370CAC36208039F30048F416 /* PFriendsViewController.swift in Sources */,
				374241F2206407670074FDE2 /* NSStringExtension.swift in Sources */,
				370B6FEA2074B847007873A9 /* PProfileViewController.swift in Sources */,
			);
			runOnlyForDeploymentPostprocessing = 0;
		};
/* End PBXSourcesBuildPhase section */

/* Begin XCBuildConfiguration section */
		37727ABF20639E840097C599 /* Debug */ = {
			isa = XCBuildConfiguration;
			buildSettings = {
				ALWAYS_SEARCH_USER_PATHS = NO;
				CLANG_ANALYZER_NONNULL = YES;
				CLANG_ANALYZER_NUMBER_OBJECT_CONVERSION = YES_AGGRESSIVE;
				CLANG_CXX_LANGUAGE_STANDARD = "gnu++14";
				CLANG_CXX_LIBRARY = "libc++";
				CLANG_ENABLE_MODULES = YES;
				CLANG_ENABLE_OBJC_ARC = YES;
				CLANG_WARN_BLOCK_CAPTURE_AUTORELEASING = YES;
				CLANG_WARN_BOOL_CONVERSION = YES;
				CLANG_WARN_COMMA = YES;
				CLANG_WARN_CONSTANT_CONVERSION = YES;
				CLANG_WARN_DEPRECATED_OBJC_IMPLEMENTATIONS = YES;
				CLANG_WARN_DIRECT_OBJC_ISA_USAGE = YES_ERROR;
				CLANG_WARN_DOCUMENTATION_COMMENTS = YES;
				CLANG_WARN_EMPTY_BODY = YES;
				CLANG_WARN_ENUM_CONVERSION = YES;
				CLANG_WARN_INFINITE_RECURSION = YES;
				CLANG_WARN_INT_CONVERSION = YES;
				CLANG_WARN_NON_LITERAL_NULL_CONVERSION = YES;
				CLANG_WARN_OBJC_IMPLICIT_RETAIN_SELF = YES;
				CLANG_WARN_OBJC_LITERAL_CONVERSION = YES;
				CLANG_WARN_OBJC_ROOT_CLASS = YES_ERROR;
				CLANG_WARN_RANGE_LOOP_ANALYSIS = YES;
				CLANG_WARN_STRICT_PROTOTYPES = YES;
				CLANG_WARN_SUSPICIOUS_MOVE = YES;
				CLANG_WARN_UNGUARDED_AVAILABILITY = YES_AGGRESSIVE;
				CLANG_WARN_UNREACHABLE_CODE = YES;
				CLANG_WARN__DUPLICATE_METHOD_MATCH = YES;
				CODE_SIGN_IDENTITY = "iPhone Developer";
				COPY_PHASE_STRIP = NO;
				DEBUG_INFORMATION_FORMAT = dwarf;
				ENABLE_STRICT_OBJC_MSGSEND = YES;
				ENABLE_TESTABILITY = YES;
				GCC_C_LANGUAGE_STANDARD = gnu11;
				GCC_DYNAMIC_NO_PIC = NO;
				GCC_NO_COMMON_BLOCKS = YES;
				GCC_OPTIMIZATION_LEVEL = 0;
				GCC_PREPROCESSOR_DEFINITIONS = (
					"DEBUG=1",
					"$(inherited)",
				);
				GCC_WARN_64_TO_32_BIT_CONVERSION = YES;
				GCC_WARN_ABOUT_RETURN_TYPE = YES_ERROR;
				GCC_WARN_UNDECLARED_SELECTOR = YES;
				GCC_WARN_UNINITIALIZED_AUTOS = YES_AGGRESSIVE;
				GCC_WARN_UNUSED_FUNCTION = YES;
				GCC_WARN_UNUSED_VARIABLE = YES;
				IPHONEOS_DEPLOYMENT_TARGET = 11.2;
				MTL_ENABLE_DEBUG_INFO = YES;
				ONLY_ACTIVE_ARCH = YES;
				SDKROOT = iphoneos;
				SWIFT_ACTIVE_COMPILATION_CONDITIONS = DEBUG;
				SWIFT_OPTIMIZATION_LEVEL = "-Onone";
			};
			name = Debug;
		};
		37727AC020639E840097C599 /* Release */ = {
			isa = XCBuildConfiguration;
			buildSettings = {
				ALWAYS_SEARCH_USER_PATHS = NO;
				CLANG_ANALYZER_NONNULL = YES;
				CLANG_ANALYZER_NUMBER_OBJECT_CONVERSION = YES_AGGRESSIVE;
				CLANG_CXX_LANGUAGE_STANDARD = "gnu++14";
				CLANG_CXX_LIBRARY = "libc++";
				CLANG_ENABLE_MODULES = YES;
				CLANG_ENABLE_OBJC_ARC = YES;
				CLANG_WARN_BLOCK_CAPTURE_AUTORELEASING = YES;
				CLANG_WARN_BOOL_CONVERSION = YES;
				CLANG_WARN_COMMA = YES;
				CLANG_WARN_CONSTANT_CONVERSION = YES;
				CLANG_WARN_DEPRECATED_OBJC_IMPLEMENTATIONS = YES;
				CLANG_WARN_DIRECT_OBJC_ISA_USAGE = YES_ERROR;
				CLANG_WARN_DOCUMENTATION_COMMENTS = YES;
				CLANG_WARN_EMPTY_BODY = YES;
				CLANG_WARN_ENUM_CONVERSION = YES;
				CLANG_WARN_INFINITE_RECURSION = YES;
				CLANG_WARN_INT_CONVERSION = YES;
				CLANG_WARN_NON_LITERAL_NULL_CONVERSION = YES;
				CLANG_WARN_OBJC_IMPLICIT_RETAIN_SELF = YES;
				CLANG_WARN_OBJC_LITERAL_CONVERSION = YES;
				CLANG_WARN_OBJC_ROOT_CLASS = YES_ERROR;
				CLANG_WARN_RANGE_LOOP_ANALYSIS = YES;
				CLANG_WARN_STRICT_PROTOTYPES = YES;
				CLANG_WARN_SUSPICIOUS_MOVE = YES;
				CLANG_WARN_UNGUARDED_AVAILABILITY = YES_AGGRESSIVE;
				CLANG_WARN_UNREACHABLE_CODE = YES;
				CLANG_WARN__DUPLICATE_METHOD_MATCH = YES;
				CODE_SIGN_IDENTITY = "iPhone Developer";
				COPY_PHASE_STRIP = NO;
				DEBUG_INFORMATION_FORMAT = "dwarf-with-dsym";
				ENABLE_NS_ASSERTIONS = NO;
				ENABLE_STRICT_OBJC_MSGSEND = YES;
				GCC_C_LANGUAGE_STANDARD = gnu11;
				GCC_NO_COMMON_BLOCKS = YES;
				GCC_WARN_64_TO_32_BIT_CONVERSION = YES;
				GCC_WARN_ABOUT_RETURN_TYPE = YES_ERROR;
				GCC_WARN_UNDECLARED_SELECTOR = YES;
				GCC_WARN_UNINITIALIZED_AUTOS = YES_AGGRESSIVE;
				GCC_WARN_UNUSED_FUNCTION = YES;
				GCC_WARN_UNUSED_VARIABLE = YES;
				IPHONEOS_DEPLOYMENT_TARGET = 11.2;
				MTL_ENABLE_DEBUG_INFO = NO;
				SDKROOT = iphoneos;
				SWIFT_OPTIMIZATION_LEVEL = "-Owholemodule";
				VALIDATE_PRODUCT = YES;
			};
			name = Release;
		};
		37727AC220639E840097C599 /* Debug */ = {
			isa = XCBuildConfiguration;
			baseConfigurationReference = 44D828AB9ADD7EECA1E3B6F0 /* Pods-Past.debug.xcconfig */;
			buildSettings = {
				ASSETCATALOG_COMPILER_APPICON_NAME = AppIcon;
				ASSETCATALOG_COMPILER_LAUNCHIMAGE_NAME = LaunchImage;
				CODE_SIGN_STYLE = Manual;
				DEVELOPMENT_TEAM = AB8CM5S774;
				INFOPLIST_FILE = "$(SRCROOT)/Past/Supporting Files/Info.plist";
				IPHONEOS_DEPLOYMENT_TARGET = 10.0;
				LD_RUNPATH_SEARCH_PATHS = "$(inherited) @executable_path/Frameworks";
				PRODUCT_BUNDLE_IDENTIFIER = com.jiangliang.Past;
				PRODUCT_NAME = "$(TARGET_NAME)";
				PROVISIONING_PROFILE = "a7b69596-24f3-4453-aa87-6c9f870bf26a";
				PROVISIONING_PROFILE_SPECIFIER = Gogenius_Wildcard;
				SWIFT_VERSION = 4.0;
				TARGETED_DEVICE_FAMILY = 1;
			};
			name = Debug;
		};
		37727AC320639E840097C599 /* Release */ = {
			isa = XCBuildConfiguration;
			baseConfigurationReference = CF04B4FF1E790812F9880B32 /* Pods-Past.release.xcconfig */;
			buildSettings = {
				ASSETCATALOG_COMPILER_APPICON_NAME = AppIcon;
				ASSETCATALOG_COMPILER_LAUNCHIMAGE_NAME = LaunchImage;
				CODE_SIGN_STYLE = Manual;
				DEVELOPMENT_TEAM = AB8CM5S774;
				INFOPLIST_FILE = "$(SRCROOT)/Past/Supporting Files/Info.plist";
				IPHONEOS_DEPLOYMENT_TARGET = 10.0;
				LD_RUNPATH_SEARCH_PATHS = "$(inherited) @executable_path/Frameworks";
				PRODUCT_BUNDLE_IDENTIFIER = com.jiangliang.Past;
				PRODUCT_NAME = "$(TARGET_NAME)";
				PROVISIONING_PROFILE = "a7b69596-24f3-4453-aa87-6c9f870bf26a";
				PROVISIONING_PROFILE_SPECIFIER = Gogenius_Wildcard;
				SWIFT_VERSION = 4.0;
				TARGETED_DEVICE_FAMILY = 1;
			};
			name = Release;
		};
/* End XCBuildConfiguration section */

/* Begin XCConfigurationList section */
		37727AAA20639E840097C599 /* Build configuration list for PBXProject "Past" */ = {
			isa = XCConfigurationList;
			buildConfigurations = (
				37727ABF20639E840097C599 /* Debug */,
				37727AC020639E840097C599 /* Release */,
			);
			defaultConfigurationIsVisible = 0;
			defaultConfigurationName = Release;
		};
		37727AC120639E840097C599 /* Build configuration list for PBXNativeTarget "Past" */ = {
			isa = XCConfigurationList;
			buildConfigurations = (
				37727AC220639E840097C599 /* Debug */,
				37727AC320639E840097C599 /* Release */,
			);
			defaultConfigurationIsVisible = 0;
			defaultConfigurationName = Release;
		};
/* End XCConfigurationList section */
	};
	rootObject = 37727AA720639E840097C599 /* Project object */;
}
